// !$*UTF8*$!
{
	archiveVersion = 1;
	classes = {
	};
	objectVersion = 46;
	objects = {

/* Begin PBXBuildFile section */
		AC8E761818676198BC52E5AA /* Pods_Tinct.framework in Frameworks */ = {isa = PBXBuildFile; fileRef = 9FBEC8E54B5DD99773C9CFC1 /* Pods_Tinct.framework */; };
		CC2E715B1BF2E5040085908B /* TinctPlot.swift in Sources */ = {isa = PBXBuildFile; fileRef = CC2E715A1BF2E5040085908B /* TinctPlot.swift */; };
		CCFE70AA1BF12F0C00951D61 /* AppDelegate.swift in Sources */ = {isa = PBXBuildFile; fileRef = CCFE70A91BF12F0C00951D61 /* AppDelegate.swift */; };
		CCFE70AC1BF12F0C00951D61 /* ViewController.swift in Sources */ = {isa = PBXBuildFile; fileRef = CCFE70AB1BF12F0C00951D61 /* ViewController.swift */; };
		CCFE70AF1BF12F0D00951D61 /* Main.storyboard in Resources */ = {isa = PBXBuildFile; fileRef = CCFE70AD1BF12F0D00951D61 /* Main.storyboard */; };
		CCFE70B11BF12F0D00951D61 /* Assets.xcassets in Resources */ = {isa = PBXBuildFile; fileRef = CCFE70B01BF12F0D00951D61 /* Assets.xcassets */; };
		CCFE70B41BF12F0D00951D61 /* LaunchScreen.storyboard in Resources */ = {isa = PBXBuildFile; fileRef = CCFE70B21BF12F0D00951D61 /* LaunchScreen.storyboard */; };
/* End PBXBuildFile section */

/* Begin PBXFileReference section */
		394C08F286CA49C11FB45C08 /* Pods-Tinct.debug.xcconfig */ = {isa = PBXFileReference; includeInIndex = 1; lastKnownFileType = text.xcconfig; name = "Pods-Tinct.debug.xcconfig"; path = "Pods/Target Support Files/Pods-Tinct/Pods-Tinct.debug.xcconfig"; sourceTree = "<group>"; };
		5120C0004572FC93E2BCC510 /* Pods-Tinct.release.xcconfig */ = {isa = PBXFileReference; includeInIndex = 1; lastKnownFileType = text.xcconfig; name = "Pods-Tinct.release.xcconfig"; path = "Pods/Target Support Files/Pods-Tinct/Pods-Tinct.release.xcconfig"; sourceTree = "<group>"; };
		9FBEC8E54B5DD99773C9CFC1 /* Pods_Tinct.framework */ = {isa = PBXFileReference; explicitFileType = wrapper.framework; includeInIndex = 0; path = Pods_Tinct.framework; sourceTree = BUILT_PRODUCTS_DIR; };
		CC2E715A1BF2E5040085908B /* TinctPlot.swift */ = {isa = PBXFileReference; fileEncoding = 4; lastKnownFileType = sourcecode.swift; path = TinctPlot.swift; sourceTree = "<group>"; };
		CCFE70A61BF12F0C00951D61 /* Tinct.app */ = {isa = PBXFileReference; explicitFileType = wrapper.application; includeInIndex = 0; path = Tinct.app; sourceTree = BUILT_PRODUCTS_DIR; };
		CCFE70A91BF12F0C00951D61 /* AppDelegate.swift */ = {isa = PBXFileReference; lastKnownFileType = sourcecode.swift; path = AppDelegate.swift; sourceTree = "<group>"; };
		CCFE70AB1BF12F0C00951D61 /* ViewController.swift */ = {isa = PBXFileReference; lastKnownFileType = sourcecode.swift; path = ViewController.swift; sourceTree = "<group>"; };
		CCFE70AE1BF12F0D00951D61 /* Base */ = {isa = PBXFileReference; lastKnownFileType = file.storyboard; name = Base; path = Base.lproj/Main.storyboard; sourceTree = "<group>"; };
		CCFE70B01BF12F0D00951D61 /* Assets.xcassets */ = {isa = PBXFileReference; lastKnownFileType = folder.assetcatalog; path = Assets.xcassets; sourceTree = "<group>"; };
		CCFE70B31BF12F0D00951D61 /* Base */ = {isa = PBXFileReference; lastKnownFileType = file.storyboard; name = Base; path = Base.lproj/LaunchScreen.storyboard; sourceTree = "<group>"; };
		CCFE70B51BF12F0D00951D61 /* Info.plist */ = {isa = PBXFileReference; lastKnownFileType = text.plist.xml; path = Info.plist; sourceTree = "<group>"; };
/* End PBXFileReference section */

/* Begin PBXFrameworksBuildPhase section */
		CCFE70A31BF12F0C00951D61 /* Frameworks */ = {
			isa = PBXFrameworksBuildPhase;
			buildActionMask = 2147483647;
			files = (
				AC8E761818676198BC52E5AA /* Pods_Tinct.framework in Frameworks */,
			);
			runOnlyForDeploymentPostprocessing = 0;
		};
/* End PBXFrameworksBuildPhase section */

/* Begin PBXGroup section */
		2AB8FB0AA3FA80F2FE88B289 /* Frameworks */ = {
			isa = PBXGroup;
			children = (
				9FBEC8E54B5DD99773C9CFC1 /* Pods_Tinct.framework */,
			);
			name = Frameworks;
			sourceTree = "<group>";
		};
		7315E11DFAD31C30B5424428 /* Pods */ = {
			isa = PBXGroup;
			children = (
				394C08F286CA49C11FB45C08 /* Pods-Tinct.debug.xcconfig */,
				5120C0004572FC93E2BCC510 /* Pods-Tinct.release.xcconfig */,
			);
			name = Pods;
			sourceTree = "<group>";
		};
		CCFE709D1BF12F0C00951D61 = {
			isa = PBXGroup;
			children = (
				CCFE70A81BF12F0C00951D61 /* Tinct */,
				CCFE70A71BF12F0C00951D61 /* Products */,
				7315E11DFAD31C30B5424428 /* Pods */,
				2AB8FB0AA3FA80F2FE88B289 /* Frameworks */,
			);
			sourceTree = "<group>";
		};
		CCFE70A71BF12F0C00951D61 /* Products */ = {
			isa = PBXGroup;
			children = (
				CCFE70A61BF12F0C00951D61 /* Tinct.app */,
			);
			name = Products;
			sourceTree = "<group>";
		};
		CCFE70A81BF12F0C00951D61 /* Tinct */ = {
			isa = PBXGroup;
			children = (
				CCFE70A91BF12F0C00951D61 /* AppDelegate.swift */,
				CCFE70AB1BF12F0C00951D61 /* ViewController.swift */,
				CCFE70AD1BF12F0D00951D61 /* Main.storyboard */,
				CCFE70B01BF12F0D00951D61 /* Assets.xcassets */,
				CCFE70B21BF12F0D00951D61 /* LaunchScreen.storyboard */,
				CCFE70B51BF12F0D00951D61 /* Info.plist */,
				CC2E715A1BF2E5040085908B /* TinctPlot.swift */,
			);
			path = Tinct;
			sourceTree = "<group>";
		};
/* End PBXGroup section */

/* Begin PBXNativeTarget section */
		CCFE70A51BF12F0C00951D61 /* Tinct */ = {
			isa = PBXNativeTarget;
			buildConfigurationList = CCFE70B81BF12F0D00951D61 /* Build configuration list for PBXNativeTarget "Tinct" */;
			buildPhases = (
				DC5A95E9D00DE9FC76B533DB /* Check Pods Manifest.lock */,
				CCFE70A21BF12F0C00951D61 /* Sources */,
				CCFE70A31BF12F0C00951D61 /* Frameworks */,
				CCFE70A41BF12F0C00951D61 /* Resources */,
				C06099F78E99A48832B9E611 /* Embed Pods Frameworks */,
				CA544F715CF8972A2475B60E /* Copy Pods Resources */,
			);
			buildRules = (
			);
			dependencies = (
			);
			name = Tinct;
			productName = Tinct;
			productReference = CCFE70A61BF12F0C00951D61 /* Tinct.app */;
			productType = "com.apple.product-type.application";
		};
/* End PBXNativeTarget section */

/* Begin PBXProject section */
		CCFE709E1BF12F0C00951D61 /* Project object */ = {
			isa = PBXProject;
			attributes = {
				LastSwiftUpdateCheck = 0710;
				LastUpgradeCheck = 0710;
				ORGANIZATIONNAME = "Cassius Chen";
				TargetAttributes = {
					CCFE70A51BF12F0C00951D61 = {
						CreatedOnToolsVersion = 7.1;
						DevelopmentTeam = YB7V26C5G2;
					};
				};
			};
			buildConfigurationList = CCFE70A11BF12F0C00951D61 /* Build configuration list for PBXProject "Tinct" */;
			compatibilityVersion = "Xcode 3.2";
			developmentRegion = English;
			hasScannedForEncodings = 0;
			knownRegions = (
				en,
				Base,
			);
			mainGroup = CCFE709D1BF12F0C00951D61;
			productRefGroup = CCFE70A71BF12F0C00951D61 /* Products */;
			projectDirPath = "";
			projectRoot = "";
			targets = (
				CCFE70A51BF12F0C00951D61 /* Tinct */,
			);
		};
/* End PBXProject section */

/* Begin PBXResourcesBuildPhase section */
		CCFE70A41BF12F0C00951D61 /* Resources */ = {
			isa = PBXResourcesBuildPhase;
			buildActionMask = 2147483647;
			files = (
				CCFE70B41BF12F0D00951D61 /* LaunchScreen.storyboard in Resources */,
				CCFE70B11BF12F0D00951D61 /* Assets.xcassets in Resources */,
				CCFE70AF1BF12F0D00951D61 /* Main.storyboard in Resources */,
			);
			runOnlyForDeploymentPostprocessing = 0;
		};
/* End PBXResourcesBuildPhase section */

/* Begin PBXShellScriptBuildPhase section */
		C06099F78E99A48832B9E611 /* Embed Pods Frameworks */ = {
			isa = PBXShellScriptBuildPhase;
			buildActionMask = 2147483647;
			files = (
			);
			inputPaths = (
			);
			name = "Embed Pods Frameworks";
			outputPaths = (
			);
			runOnlyForDeploymentPostprocessing = 0;
			shellPath = /bin/sh;
			shellScript = "\"${SRCROOT}/Pods/Target Support Files/Pods-Tinct/Pods-Tinct-frameworks.sh\"\n";
			showEnvVarsInLog = 0;
		};
		CA544F715CF8972A2475B60E /* Copy Pods Resources */ = {
			isa = PBXShellScriptBuildPhase;
			buildActionMask = 2147483647;
			files = (
			);
			inputPaths = (
			);
			name = "Copy Pods Resources";
			outputPaths = (
			);
			runOnlyForDeploymentPostprocessing = 0;
			shellPath = /bin/sh;
			shellScript = "\"${SRCROOT}/Pods/Target Support Files/Pods-Tinct/Pods-Tinct-resources.sh\"\n";
			showEnvVarsInLog = 0;
		};
		DC5A95E9D00DE9FC76B533DB /* Check Pods Manifest.lock */ = {
			isa = PBXShellScriptBuildPhase;
			buildActionMask = 2147483647;
			files = (
			);
			inputPaths = (
			);
			name = "Check Pods Manifest.lock";
			outputPaths = (
			);
			runOnlyForDeploymentPostprocessing = 0;
			shellPath = /bin/sh;
			shellScript = "diff \"${PODS_ROOT}/../Podfile.lock\" \"${PODS_ROOT}/Manifest.lock\" > /dev/null\nif [[ $? != 0 ]] ; then\n    cat << EOM\nerror: The sandbox is not in sync with the Podfile.lock. Run 'pod install' or update your CocoaPods installation.\nEOM\n    exit 1\nfi\n";
			showEnvVarsInLog = 0;
		};
/* End PBXShellScriptBuildPhase section */

/* Begin PBXSourcesBuildPhase section */
		CCFE70A21BF12F0C00951D61 /* Sources */ = {
			isa = PBXSourcesBuildPhase;
			buildActionMask = 2147483647;
			files = (
				CC2E715B1BF2E5040085908B /* TinctPlot.swift in Sources */,
				CCFE70AC1BF12F0C00951D61 /* ViewController.swift in Sources */,
				CCFE70AA1BF12F0C00951D61 /* AppDelegate.swift in Sources */,
			);
			runOnlyForDeploymentPostprocessing = 0;
		};
/* End PBXSourcesBuildPhase section */

/* Begin PBXVariantGroup section */
		CCFE70AD1BF12F0D00951D61 /* Main.storyboard */ = {
			isa = PBXVariantGroup;
			children = (
				CCFE70AE1BF12F0D00951D61 /* Base */,
			);
			name = Main.storyboard;
			sourceTree = "<group>";
		};
		CCFE70B21BF12F0D00951D61 /* LaunchScreen.storyboard */ = {
			isa = PBXVariantGroup;
			children = (
				CCFE70B31BF12F0D00951D61 /* Base */,
			);
			name = LaunchScreen.storyboard;
			sourceTree = "<group>";
		};
/* End PBXVariantGroup section */

/* Begin XCBuildConfiguration section */
		CCFE70B61BF12F0D00951D61 /* Debug */ = {
			isa = XCBuildConfiguration;
			buildSettings = {
				ALWAYS_SEARCH_USER_PATHS = NO;
				CLANG_CXX_LANGUAGE_STANDARD = "gnu++0x";
				CLANG_CXX_LIBRARY = "libc++";
				CLANG_ENABLE_MODULES = YES;
				CLANG_ENABLE_OBJC_ARC = YES;
				CLANG_WARN_BOOL_CONVERSION = YES;
				CLANG_WARN_CONSTANT_CONVERSION = YES;
				CLANG_WARN_DIRECT_OBJC_ISA_USAGE = YES_ERROR;
				CLANG_WARN_EMPTY_BODY = YES;
				CLANG_WARN_ENUM_CONVERSION = YES;
				CLANG_WARN_INT_CONVERSION = YES;
				CLANG_WARN_OBJC_ROOT_CLASS = YES_ERROR;
				CLANG_WARN_UNREACHABLE_CODE = YES;
				CLANG_WARN__DUPLICATE_METHOD_MATCH = YES;
				"CODE_SIGN_IDENTITY[sdk=iphoneos*]" = "iPhone Developer";
				COPY_PHASE_STRIP = NO;
				DEBUG_INFORMATION_FORMAT = dwarf;
				ENABLE_STRICT_OBJC_MSGSEND = YES;
				ENABLE_TESTABILITY = YES;
				GCC_C_LANGUAGE_STANDARD = gnu99;
				GCC_DYNAMIC_NO_PIC = NO;
				GCC_NO_COMMON_BLOCKS = YES;
				GCC_OPTIMIZATION_LEVEL = 0;
				GCC_PREPROCESSOR_DEFINITIONS = (
					"DEBUG=1",
					"$(inherited)",
				);
				GCC_WARN_64_TO_32_BIT_CONVERSION = YES;
				GCC_WARN_ABOUT_RETURN_TYPE = YES_ERROR;
				GCC_WARN_UNDECLARED_SELECTOR = YES;
				GCC_WARN_UNINITIALIZED_AUTOS = YES_AGGRESSIVE;
				GCC_WARN_UNUSED_FUNCTION = YES;
				GCC_WARN_UNUSED_VARIABLE = YES;
				IPHONEOS_DEPLOYMENT_TARGET = 9.1;
				MTL_ENABLE_DEBUG_INFO = YES;
				ONLY_ACTIVE_ARCH = YES;
				SDKROOT = iphoneos;
				SWIFT_OPTIMIZATION_LEVEL = "-Onone";
				TARGETED_DEVICE_FAMILY = "1,2";
			};
			name = Debug;
		};
		CCFE70B71BF12F0D00951D61 /* Release */ = {
			isa = XCBuildConfiguration;
			buildSettings = {
				ALWAYS_SEARCH_USER_PATHS = NO;
				CLANG_CXX_LANGUAGE_STANDARD = "gnu++0x";
				CLANG_CXX_LIBRARY = "libc++";
				CLANG_ENABLE_MODULES = YES;
				CLANG_ENABLE_OBJC_ARC = YES;
				CLANG_WARN_BOOL_CONVERSION = YES;
				CLANG_WARN_CONSTANT_CONVERSION = YES;
				CLANG_WARN_DIRECT_OBJC_ISA_USAGE = YES_ERROR;
				CLANG_WARN_EMPTY_BODY = YES;
				CLANG_WARN_ENUM_CONVERSION = YES;
				CLANG_WARN_INT_CONVERSION = YES;
				CLANG_WARN_OBJC_ROOT_CLASS = YES_ERROR;
				CLANG_WARN_UNREACHABLE_CODE = YES;
				CLANG_WARN__DUPLICATE_METHOD_MATCH = YES;
				"CODE_SIGN_IDENTITY[sdk=iphoneos*]" = "iPhone Developer";
				COPY_PHASE_STRIP = NO;
				DEBUG_INFORMATION_FORMAT = "dwarf-with-dsym";
				ENABLE_NS_ASSERTIONS = NO;
				ENABLE_STRICT_OBJC_MSGSEND = YES;
				GCC_C_LANGUAGE_STANDARD = gnu99;
				GCC_NO_COMMON_BLOCKS = YES;
				GCC_WARN_64_TO_32_BIT_CONVERSION = YES;
				GCC_WARN_ABOUT_RETURN_TYPE = YES_ERROR;
				GCC_WARN_UNDECLARED_SELECTOR = YES;
				GCC_WARN_UNINITIALIZED_AUTOS = YES_AGGRESSIVE;
				GCC_WARN_UNUSED_FUNCTION = YES;
				GCC_WARN_UNUSED_VARIABLE = YES;
				IPHONEOS_DEPLOYMENT_TARGET = 9.1;
				MTL_ENABLE_DEBUG_INFO = NO;
				SDKROOT = iphoneos;
				TARGETED_DEVICE_FAMILY = "1,2";
				VALIDATE_PRODUCT = YES;
			};
			name = Release;
		};
		CCFE70B91BF12F0D00951D61 /* Debug */ = {
			isa = XCBuildConfiguration;
			baseConfigurationReference = 394C08F286CA49C11FB45C08 /* Pods-Tinct.debug.xcconfig */;
			buildSettings = {
				ASSETCATALOG_COMPILER_APPICON_NAME = AppIcon;
				CODE_SIGN_IDENTITY = "iPhone Developer";
				"CODE_SIGN_IDENTITY[sdk=iphoneos*]" = "iPhone Developer";
				INFOPLIST_FILE = Tinct/Info.plist;
				LD_RUNPATH_SEARCH_PATHS = "$(inherited) @executable_path/Frameworks";
				PRODUCT_BUNDLE_IDENTIFIER = cassiuschen.Tinct;
				PRODUCT_NAME = "$(TARGET_NAME)";
				PROVISIONING_PROFILE = "";
			};
			name = Debug;
		};
		CCFE70BA1BF12F0D00951D61 /* Release */ = {
			isa = XCBuildConfiguration;
			baseConfigurationReference = 5120C0004572FC93E2BCC510 /* Pods-Tinct.release.xcconfig */;
			buildSettings = {
				ASSETCATALOG_COMPILER_APPICON_NAME = AppIcon;
				CODE_SIGN_IDENTITY = "iPhone Developer";
				"CODE_SIGN_IDENTITY[sdk=iphoneos*]" = "iPhone Developer";
				INFOPLIST_FILE = Tinct/Info.plist;
				LD_RUNPATH_SEARCH_PATHS = "$(inherited) @executable_path/Frameworks";
				PRODUCT_BUNDLE_IDENTIFIER = cassiuschen.Tinct;
				PRODUCT_NAME = "$(TARGET_NAME)";
				PROVISIONING_PROFILE = "";
			};
			name = Release;
		};
/* End XCBuildConfiguration section */

/* Begin XCConfigurationList section */
		CCFE70A11BF12F0C00951D61 /* Build configuration list for PBXProject "Tinct" */ = {
			isa = XCConfigurationList;
			buildConfigurations = (
				CCFE70B61BF12F0D00951D61 /* Debug */,
				CCFE70B71BF12F0D00951D61 /* Release */,
			);
			defaultConfigurationIsVisible = 0;
			defaultConfigurationName = Release;
		};
		CCFE70B81BF12F0D00951D61 /* Build configuration list for PBXNativeTarget "Tinct" */ = {
			isa = XCConfigurationList;
			buildConfigurations = (
				CCFE70B91BF12F0D00951D61 /* Debug */,
				CCFE70BA1BF12F0D00951D61 /* Release */,
			);
			defaultConfigurationIsVisible = 0;
			defaultConfigurationName = Release;
		};
/* End XCConfigurationList section */
	};
	rootObject = CCFE709E1BF12F0C00951D61 /* Project object */;
}
